
Microsoft Visual Studio Solution File, Format Version 12.00
# Visual Studio Version 17
VisualStudioVersion = 17.5.002.0
MinimumVisualStudioVersion = 10.0.40219.1
Project("{2150E333-8FDC-42A3-9474-1A3956D46DE8}") = "Exercices", "Exercices", "{315D755D-B83B-4CB9-8517-61BFE4BE7452}"
EndProject
Project("{2150E333-8FDC-42A3-9474-1A3956D46DE8}") = "01_menuUser", "01_menuUser", "{3AA8C576-977A-4BDA-A8D0-D22396634EAB}"
EndProject
Project("{9A19103F-16F7-4668-BE54-9A1E7A4F7556}") = "menuUser", "Exercices\01_menuUser\menuUser\menuUser.csproj", "{CA3EA336-0364-457C-B722-6FB57B7A77AB}"
EndProject
Project("{2150E333-8FDC-42A3-9474-1A3956D46DE8}") = "Cours", "Cours", "{D98BCDBF-80CD-4619-8333-2B5B6F0BBFD7}"
EndProject
Project("{2150E333-8FDC-42A3-9474-1A3956D46DE8}") = "01_Introduction", "01_Introduction", "{D11141F5-F370-44DC-BB7C-441C98C8448D}"
EndProject
Project("{2150E333-8FDC-42A3-9474-1A3956D46DE8}") = "examples", "examples", "{C509E8EA-B4B1-4A56-A544-2BE831A53FEA}"
EndProject
Project("{2150E333-8FDC-42A3-9474-1A3956D46DE8}") = "Test", "Test", "{9076077F-DD59-4B20-B24D-117841BA6B1D}"
EndProject
Project("{9A19103F-16F7-4668-BE54-9A1E7A4F7556}") = "AppTest", "Cours\01_Introduction\examples\Test\AppTest\AppTest.csproj", "{8C8CEB89-B7A9-4DD7-900B-849C21B0807E}"
EndProject
Global
	GlobalSection(SolutionConfigurationPlatforms) = preSolution
		Debug|Any CPU = Debug|Any CPU
		Release|Any CPU = Release|Any CPU
	EndGlobalSection
	GlobalSection(ProjectConfigurationPlatforms) = postSolution
		{CA3EA336-0364-457C-B722-6FB57B7A77AB}.Debug|Any CPU.ActiveCfg = Debug|Any CPU
		{CA3EA336-0364-457C-B722-6FB57B7A77AB}.Debug|Any CPU.Build.0 = Debug|Any CPU
		{CA3EA336-0364-457C-B722-6FB57B7A77AB}.Release|Any CPU.ActiveCfg = Release|Any CPU
		{CA3EA336-0364-457C-B722-6FB57B7A77AB}.Release|Any CPU.Build.0 = Release|Any CPU
		{8C8CEB89-B7A9-4DD7-900B-849C21B0807E}.Debug|Any CPU.ActiveCfg = Debug|Any CPU
		{8C8CEB89-B7A9-4DD7-900B-849C21B0807E}.Debug|Any CPU.Build.0 = Debug|Any CPU
		{8C8CEB89-B7A9-4DD7-900B-849C21B0807E}.Release|Any CPU.ActiveCfg = Release|Any CPU
		{8C8CEB89-B7A9-4DD7-900B-849C21B0807E}.Release|Any CPU.Build.0 = Release|Any CPU
	EndGlobalSection
	GlobalSection(SolutionProperties) = preSolution
		HideSolutionNode = FALSE
	EndGlobalSection
	GlobalSection(NestedProjects) = preSolution
		{3AA8C576-977A-4BDA-A8D0-D22396634EAB} = {315D755D-B83B-4CB9-8517-61BFE4BE7452}
		{CA3EA336-0364-457C-B722-6FB57B7A77AB} = {3AA8C576-977A-4BDA-A8D0-D22396634EAB}
		{D11141F5-F370-44DC-BB7C-441C98C8448D} = {D98BCDBF-80CD-4619-8333-2B5B6F0BBFD7}
		{C509E8EA-B4B1-4A56-A544-2BE831A53FEA} = {D11141F5-F370-44DC-BB7C-441C98C8448D}
		{9076077F-DD59-4B20-B24D-117841BA6B1D} = {C509E8EA-B4B1-4A56-A544-2BE831A53FEA}
		{8C8CEB89-B7A9-4DD7-900B-849C21B0807E} = {9076077F-DD59-4B20-B24D-117841BA6B1D}
	EndGlobalSection
	GlobalSection(ExtensibilityGlobals) = postSolution
		SolutionGuid = {AE536153-9950-4AFF-B043-448008749203}
	EndGlobalSection
EndGlobal
